
Microsoft Visual Studio Solution File, Format Version 11.00
# Visual C++ Express 2010
Project("{8BC9CEB8-8B4A-11D0-8D11-00A0C91BC942}") = "SendPoseInfo", "SendPoseInfo.vcxproj", "{7606CFC6-B1B7-44F1-A065-7D7965B18F3D}"
EndProject
Global
	GlobalSection(SolutionConfigurationPlatforms) = preSolution
		Debug|Win32 = Debug|Win32
		Debug|x64 = Debug|x64
		DebugAcademicEdition|Win32 = DebugAcademicEdition|Win32
		DebugAcademicEdition|x64 = DebugAcademicEdition|x64
		HapticsAndROS|Win32 = HapticsAndROS|Win32
		HapticsAndROS|x64 = HapticsAndROS|x64
		Release|Win32 = Release|Win32
		Release|x64 = Release|x64
		ReleaseAcademicEdition|Win32 = ReleaseAcademicEdition|Win32
		ReleaseAcademicEdition|x64 = ReleaseAcademicEdition|x64
	EndGlobalSection
	GlobalSection(ProjectConfigurationPlatforms) = postSolution
		{7606CFC6-B1B7-44F1-A065-7D7965B18F3D}.Debug|Win32.ActiveCfg = Debug|Win32
		{7606CFC6-B1B7-44F1-A065-7D7965B18F3D}.Debug|Win32.Build.0 = Debug|Win32
		{7606CFC6-B1B7-44F1-A065-7D7965B18F3D}.Debug|x64.ActiveCfg = Debug|Win32
		{7606CFC6-B1B7-44F1-A065-7D7965B18F3D}.DebugAcademicEdition|Win32.ActiveCfg = Debug|Win32
		{7606CFC6-B1B7-44F1-A065-7D7965B18F3D}.DebugAcademicEdition|Win32.Build.0 = Debug|Win32
		{7606CFC6-B1B7-44F1-A065-7D7965B18F3D}.DebugAcademicEdition|x64.ActiveCfg = Debug|Win32
		{7606CFC6-B1B7-44F1-A065-7D7965B18F3D}.HapticsAndROS|Win32.ActiveCfg = HapticsAndROS|Win32
		{7606CFC6-B1B7-44F1-A065-7D7965B18F3D}.HapticsAndROS|Win32.Build.0 = HapticsAndROS|Win32
		{7606CFC6-B1B7-44F1-A065-7D7965B18F3D}.HapticsAndROS|x64.ActiveCfg = HapticsAndROS|Win32
		{7606CFC6-B1B7-44F1-A065-7D7965B18F3D}.Release|Win32.ActiveCfg = Release|Win32
		{7606CFC6-B1B7-44F1-A065-7D7965B18F3D}.Release|Win32.Build.0 = Release|Win32
		{7606CFC6-B1B7-44F1-A065-7D7965B18F3D}.Release|x64.ActiveCfg = Release|Win32
		{7606CFC6-B1B7-44F1-A065-7D7965B18F3D}.ReleaseAcademicEdition|Win32.ActiveCfg = Release|Win32
		{7606CFC6-B1B7-44F1-A065-7D7965B18F3D}.ReleaseAcademicEdition|Win32.Build.0 = Release|Win32
		{7606CFC6-B1B7-44F1-A065-7D7965B18F3D}.ReleaseAcademicEdition|x64.ActiveCfg = Release|Win32
	EndGlobalSection
	GlobalSection(SolutionProperties) = preSolution
		HideSolutionNode = FALSE
	EndGlobalSection
EndGlobal
